
Microsoft Visual Studio Solution File, Format Version 12.00
# Visual Studio Version 17
VisualStudioVersion = 17.9.34616.47
MinimumVisualStudioVersion = 10.0.40219.1
Project("{FAE04EC0-301F-11D3-BF4B-00C04F79EFBC}") = "Altkom.26-28.02.2024", "Altkom.26-28.02.2024.csproj", "{90ADF896-F0FD-4943-9AF4-19F10FB0F9B5}"
EndProject
Global
	GlobalSection(SolutionConfigurationPlatforms) = preSolution
		Debug|Any CPU = Debug|Any CPU
		Release|Any CPU = Release|Any CPU
	EndGlobalSection
	GlobalSection(ProjectConfigurationPlatforms) = postSolution
		{90ADF896-F0FD-4943-9AF4-19F10FB0F9B5}.Debug|Any CPU.ActiveCfg = Debug|Any CPU
		{90ADF896-F0FD-4943-9AF4-19F10FB0F9B5}.Debug|Any CPU.Build.0 = Debug|Any CPU
		{90ADF896-F0FD-4943-9AF4-19F10FB0F9B5}.Release|Any CPU.ActiveCfg = Release|Any CPU
		{90ADF896-F0FD-4943-9AF4-19F10FB0F9B5}.Release|Any CPU.Build.0 = Release|Any CPU
	EndGlobalSection
	GlobalSection(SolutionProperties) = preSolution
		HideSolutionNode = FALSE
	EndGlobalSection
	GlobalSection(ExtensibilityGlobals) = postSolution
		SolutionGuid = {C5B24A1A-EBAE-4FC4-9F61-4540B5E02312}
	EndGlobalSection
EndGlobal
